
Microsoft Visual Studio Solution File, Format Version 12.00
# Visual Studio 15
Project("{FAE04EC0-301F-11D3-BF4B-00C04F79EFBC}") = "LottieAnimationEx.Android", "LottieAnimationEx.Android\LottieAnimationEx.Android.csproj", "{C259E871-3A1C-4763-BE1C-E68C4034B608}"
EndProject
Project("{FAE04EC0-301F-11D3-BF4B-00C04F79EFBC}") = "LottieAnimationEx.iOS", "LottieAnimationEx.iOS\LottieAnimationEx.iOS.csproj", "{25D8995C-5C67-41E6-8442-4917A470D3C1}"
EndProject
Project("{FAE04EC0-301F-11D3-BF4B-00C04F79EFBC}") = "LottieAnimationEx", "LottieAnimationEx\LottieAnimationEx.csproj", "{2D03D3F8-CABD-4D3D-B48B-5B8696898E29}"
EndProject
Global
	GlobalSection(SolutionConfigurationPlatforms) = preSolution
		Debug|Any CPU = Debug|Any CPU
		Release|Any CPU = Release|Any CPU
		Debug|iPhoneSimulator = Debug|iPhoneSimulator
		Release|iPhoneSimulator = Release|iPhoneSimulator
		Debug|iPhone = Debug|iPhone
		Release|iPhone = Release|iPhone
	EndGlobalSection
	GlobalSection(ProjectConfigurationPlatforms) = postSolution
		{C259E871-3A1C-4763-BE1C-E68C4034B608}.Debug|Any CPU.ActiveCfg = Debug|Any CPU
		{C259E871-3A1C-4763-BE1C-E68C4034B608}.Debug|Any CPU.Build.0 = Debug|Any CPU
		{C259E871-3A1C-4763-BE1C-E68C4034B608}.Release|Any CPU.ActiveCfg = Release|Any CPU
		{C259E871-3A1C-4763-BE1C-E68C4034B608}.Release|Any CPU.Build.0 = Release|Any CPU
		{C259E871-3A1C-4763-BE1C-E68C4034B608}.Debug|iPhoneSimulator.ActiveCfg = Debug|Any CPU
		{C259E871-3A1C-4763-BE1C-E68C4034B608}.Debug|iPhoneSimulator.Build.0 = Debug|Any CPU
		{C259E871-3A1C-4763-BE1C-E68C4034B608}.Release|iPhoneSimulator.ActiveCfg = Release|Any CPU
		{C259E871-3A1C-4763-BE1C-E68C4034B608}.Release|iPhoneSimulator.Build.0 = Release|Any CPU
		{C259E871-3A1C-4763-BE1C-E68C4034B608}.Debug|iPhone.ActiveCfg = Debug|Any CPU
		{C259E871-3A1C-4763-BE1C-E68C4034B608}.Debug|iPhone.Build.0 = Debug|Any CPU
		{C259E871-3A1C-4763-BE1C-E68C4034B608}.Release|iPhone.ActiveCfg = Release|Any CPU
		{C259E871-3A1C-4763-BE1C-E68C4034B608}.Release|iPhone.Build.0 = Release|Any CPU
		{25D8995C-5C67-41E6-8442-4917A470D3C1}.Debug|Any CPU.ActiveCfg = Debug|iPhoneSimulator
		{25D8995C-5C67-41E6-8442-4917A470D3C1}.Debug|Any CPU.Build.0 = Debug|iPhoneSimulator
		{25D8995C-5C67-41E6-8442-4917A470D3C1}.Release|Any CPU.ActiveCfg = Release|iPhoneSimulator
		{25D8995C-5C67-41E6-8442-4917A470D3C1}.Release|Any CPU.Build.0 = Release|iPhoneSimulator
		{25D8995C-5C67-41E6-8442-4917A470D3C1}.Debug|iPhoneSimulator.ActiveCfg = Debug|iPhoneSimulator
		{25D8995C-5C67-41E6-8442-4917A470D3C1}.Debug|iPhoneSimulator.Build.0 = Debug|iPhoneSimulator
		{25D8995C-5C67-41E6-8442-4917A470D3C1}.Release|iPhoneSimulator.ActiveCfg = Release|iPhoneSimulator
		{25D8995C-5C67-41E6-8442-4917A470D3C1}.Release|iPhoneSimulator.Build.0 = Release|iPhoneSimulator
		{25D8995C-5C67-41E6-8442-4917A470D3C1}.Debug|iPhone.ActiveCfg = Debug|iPhone
		{25D8995C-5C67-41E6-8442-4917A470D3C1}.Debug|iPhone.Build.0 = Debug|iPhone
		{25D8995C-5C67-41E6-8442-4917A470D3C1}.Release|iPhone.ActiveCfg = Release|iPhone
		{25D8995C-5C67-41E6-8442-4917A470D3C1}.Release|iPhone.Build.0 = Release|iPhone
		{2D03D3F8-CABD-4D3D-B48B-5B8696898E29}.Debug|Any CPU.ActiveCfg = Debug|Any CPU
		{2D03D3F8-CABD-4D3D-B48B-5B8696898E29}.Debug|Any CPU.Build.0 = Debug|Any CPU
		{2D03D3F8-CABD-4D3D-B48B-5B8696898E29}.Release|Any CPU.ActiveCfg = Release|Any CPU
		{2D03D3F8-CABD-4D3D-B48B-5B8696898E29}.Release|Any CPU.Build.0 = Release|Any CPU
		{2D03D3F8-CABD-4D3D-B48B-5B8696898E29}.Debug|iPhoneSimulator.ActiveCfg = Debug|Any CPU
		{2D03D3F8-CABD-4D3D-B48B-5B8696898E29}.Debug|iPhoneSimulator.Build.0 = Debug|Any CPU
		{2D03D3F8-CABD-4D3D-B48B-5B8696898E29}.Release|iPhoneSimulator.ActiveCfg = Release|Any CPU
		{2D03D3F8-CABD-4D3D-B48B-5B8696898E29}.Release|iPhoneSimulator.Build.0 = Release|Any CPU
		{2D03D3F8-CABD-4D3D-B48B-5B8696898E29}.Debug|iPhone.ActiveCfg = Debug|Any CPU
		{2D03D3F8-CABD-4D3D-B48B-5B8696898E29}.Debug|iPhone.Build.0 = Debug|Any CPU
		{2D03D3F8-CABD-4D3D-B48B-5B8696898E29}.Release|iPhone.ActiveCfg = Release|Any CPU
		{2D03D3F8-CABD-4D3D-B48B-5B8696898E29}.Release|iPhone.Build.0 = Release|Any CPU
	EndGlobalSection
EndGlobal
